
Microsoft Visual Studio Solution File, Format Version 12.00
# Visual Studio Version 16
VisualStudioVersion = 16.0.29609.76
MinimumVisualStudioVersion = 10.0.40219.1
Project("{9A19103F-16F7-4668-BE54-9A1E7A4F7556}") = "TerraScience", "TerraScience.csproj", "{41412DFE-EFC7-46C8-A9DA-9C0ADD240524}"
EndProject
Global
	GlobalSection(SolutionConfigurationPlatforms) = preSolution
		Debug|Any CPU = Debug|Any CPU
		Release|Any CPU = Release|Any CPU
	EndGlobalSection
	GlobalSection(ProjectConfigurationPlatforms) = postSolution
		{41412DFE-EFC7-46C8-A9DA-9C0ADD240524}.Debug|Any CPU.ActiveCfg = Debug|Any CPU
		{41412DFE-EFC7-46C8-A9DA-9C0ADD240524}.Debug|Any CPU.Build.0 = Debug|Any CPU
		{41412DFE-EFC7-46C8-A9DA-9C0ADD240524}.Release|Any CPU.ActiveCfg = Release|Any CPU
		{41412DFE-EFC7-46C8-A9DA-9C0ADD240524}.Release|Any CPU.Build.0 = Release|Any CPU
	EndGlobalSection
	GlobalSection(SolutionProperties) = preSolution
		HideSolutionNode = FALSE
	EndGlobalSection
	GlobalSection(ExtensibilityGlobals) = postSolution
		SolutionGuid = {AB8993E8-93FC-4304-8064-1204FB79E30B}
	EndGlobalSection
EndGlobal
